# This file is automatically @generated by Cargo.
# It is not intended for manual editing.
version = 3

[[package]]
name = "agemon"
version = "0.1.0"
dependencies = [
 "anyhow",
 "xshell",
]

[[package]]
name = "anyhow"
version = "1.0.71"
source = "registry+https://github.com/rust-lang/crates.io-index"
checksum = "9c7d0618f0e0b7e8ff11427422b64564d5fb0be1940354bfe2e0529b18a9d9b8"

[[package]]
name = "xshell"
version = "0.2.3"
source = "registry+https://github.com/rust-lang/crates.io-index"
checksum = "962c039b3a7b16cf4e9a4248397c6585c07547412e7d6a6e035389a802dcfe90"
dependencies = [
 "xshell-macros",
]

[[package]]
name = "xshell-macros"
version = "0.2.3"
source = "registry+https://github.com/rust-lang/crates.io-index"
checksum = "1dbabb1cbd15a1d6d12d9ed6b35cc6777d4af87ab3ba155ea37215f20beab80c"
